{
  "requires": true,
  "lockfileVersion": 1,
  "dependencies": {
    "bootstrap": {
      "version": "4.1.3",
      "resolved": "https://registry.npmjs.org/bootstrap/-/bootstrap-4.1.3.tgz",
      "integrity": "sha512-rDFIzgXcof0jDyjNosjv4Sno77X4KuPeFxG2XZZv1/Kc8DRVGVADdoQyyOVDwPqL36DDmtCQbrpMCqvpPLJQ0w=="
    },
    "sal.js": {
      "version": "0.5.0",
      "resolved": "https://registry.npmjs.org/sal.js/-/sal.js-0.5.0.tgz",
      "integrity": "sha512-O5V+PO108JldehJgIEu237spJiOtJYrnopm+SiSv7tr/Kw2e9WI3LHj1iHvpPC6otgTpTZ8y8e5MiEcVEUewCQ=="
    }
  }
}
